// !$*UTF8*$!
{
	archiveVersion = 1;
	classes = {
	};
	objectVersion = 55;
	objects = {

/* Begin PBXBuildFile section */
		BDED68C8286643AA00AEF8AA /* AppDelegate.swift in Sources */ = {isa = PBXBuildFile; fileRef = BDED68C7286643AA00AEF8AA /* AppDelegate.swift */; };
		BDED68CA286643AA00AEF8AA /* SceneDelegate.swift in Sources */ = {isa = PBXBuildFile; fileRef = BDED68C9286643AA00AEF8AA /* SceneDelegate.swift */; };
		BDED68CC286643AA00AEF8AA /* ViewController.swift in Sources */ = {isa = PBXBuildFile; fileRef = BDED68CB286643AA00AEF8AA /* ViewController.swift */; };
		BDED68CF286643AA00AEF8AA /* Main.storyboard in Resources */ = {isa = PBXBuildFile; fileRef = BDED68CD286643AA00AEF8AA /* Main.storyboard */; };
		BDED68D2286643AA00AEF8AA /* To_Do_List.xcdatamodeld in Sources */ = {isa = PBXBuildFile; fileRef = BDED68D0286643AA00AEF8AA /* To_Do_List.xcdatamodeld */; };
		BDED68D4286643AA00AEF8AA /* Assets.xcassets in Resources */ = {isa = PBXBuildFile; fileRef = BDED68D3286643AA00AEF8AA /* Assets.xcassets */; };
		BDED68D7286643AA00AEF8AA /* LaunchScreen.storyboard in Resources */ = {isa = PBXBuildFile; fileRef = BDED68D5286643AA00AEF8AA /* LaunchScreen.storyboard */; };
		BDED68E2286643AA00AEF8AA /* To_Do_ListTests.swift in Sources */ = {isa = PBXBuildFile; fileRef = BDED68E1286643AA00AEF8AA /* To_Do_ListTests.swift */; };
		BDED68EC286643AA00AEF8AA /* To_Do_ListUITests.swift in Sources */ = {isa = PBXBuildFile; fileRef = BDED68EB286643AA00AEF8AA /* To_Do_ListUITests.swift */; };
		BDED68EE286643AA00AEF8AA /* To_Do_ListUITestsLaunchTests.swift in Sources */ = {isa = PBXBuildFile; fileRef = BDED68ED286643AA00AEF8AA /* To_Do_ListUITestsLaunchTests.swift */; };
/* End PBXBuildFile section */

/* Begin PBXContainerItemProxy section */
		BDED68DE286643AA00AEF8AA /* PBXContainerItemProxy */ = {
			isa = PBXContainerItemProxy;
			containerPortal = BDED68BC286643AA00AEF8AA /* Project object */;
			proxyType = 1;
			remoteGlobalIDString = BDED68C3286643AA00AEF8AA;
			remoteInfo = "To Do List";
		};
		BDED68E8286643AA00AEF8AA /* PBXContainerItemProxy */ = {
			isa = PBXContainerItemProxy;
			containerPortal = BDED68BC286643AA00AEF8AA /* Project object */;
			proxyType = 1;
			remoteGlobalIDString = BDED68C3286643AA00AEF8AA;
			remoteInfo = "To Do List";
		};
/* End PBXContainerItemProxy section */

/* Begin PBXFileReference section */
		BDED68C4286643AA00AEF8AA /* To Do List.app */ = {isa = PBXFileReference; explicitFileType = wrapper.application; includeInIndex = 0; path = "To Do List.app"; sourceTree = BUILT_PRODUCTS_DIR; };
		BDED68C7286643AA00AEF8AA /* AppDelegate.swift */ = {isa = PBXFileReference; lastKnownFileType = sourcecode.swift; path = AppDelegate.swift; sourceTree = "<group>"; };
		BDED68C9286643AA00AEF8AA /* SceneDelegate.swift */ = {isa = PBXFileReference; lastKnownFileType = sourcecode.swift; path = SceneDelegate.swift; sourceTree = "<group>"; };
		BDED68CB286643AA00AEF8AA /* ViewController.swift */ = {isa = PBXFileReference; lastKnownFileType = sourcecode.swift; path = ViewController.swift; sourceTree = "<group>"; };
		BDED68CE286643AA00AEF8AA /* Base */ = {isa = PBXFileReference; lastKnownFileType = file.storyboard; name = Base; path = Base.lproj/Main.storyboard; sourceTree = "<group>"; };
		BDED68D1286643AA00AEF8AA /* To_Do_List.xcdatamodel */ = {isa = PBXFileReference; lastKnownFileType = wrapper.xcdatamodel; path = To_Do_List.xcdatamodel; sourceTree = "<group>"; };
		BDED68D3286643AA00AEF8AA /* Assets.xcassets */ = {isa = PBXFileReference; lastKnownFileType = folder.assetcatalog; path = Assets.xcassets; sourceTree = "<group>"; };
		BDED68D6286643AA00AEF8AA /* Base */ = {isa = PBXFileReference; lastKnownFileType = file.storyboard; name = Base; path = Base.lproj/LaunchScreen.storyboard; sourceTree = "<group>"; };
		BDED68D8286643AA00AEF8AA /* Info.plist */ = {isa = PBXFileReference; lastKnownFileType = text.plist.xml; path = Info.plist; sourceTree = "<group>"; };
		BDED68DD286643AA00AEF8AA /* To Do ListTests.xctest */ = {isa = PBXFileReference; explicitFileType = wrapper.cfbundle; includeInIndex = 0; path = "To Do ListTests.xctest"; sourceTree = BUILT_PRODUCTS_DIR; };
		BDED68E1286643AA00AEF8AA /* To_Do_ListTests.swift */ = {isa = PBXFileReference; lastKnownFileType = sourcecode.swift; path = To_Do_ListTests.swift; sourceTree = "<group>"; };
		BDED68E7286643AA00AEF8AA /* To Do ListUITests.xctest */ = {isa = PBXFileReference; explicitFileType = wrapper.cfbundle; includeInIndex = 0; path = "To Do ListUITests.xctest"; sourceTree = BUILT_PRODUCTS_DIR; };
		BDED68EB286643AA00AEF8AA /* To_Do_ListUITests.swift */ = {isa = PBXFileReference; lastKnownFileType = sourcecode.swift; path = To_Do_ListUITests.swift; sourceTree = "<group>"; };
		BDED68ED286643AA00AEF8AA /* To_Do_ListUITestsLaunchTests.swift */ = {isa = PBXFileReference; lastKnownFileType = sourcecode.swift; path = To_Do_ListUITestsLaunchTests.swift; sourceTree = "<group>"; };
/* End PBXFileReference section */

/* Begin PBXFrameworksBuildPhase section */
		BDED68C1286643AA00AEF8AA /* Frameworks */ = {
			isa = PBXFrameworksBuildPhase;
			buildActionMask = 2147483647;
			files = (
			);
			runOnlyForDeploymentPostprocessing = 0;
		};
		BDED68DA286643AA00AEF8AA /* Frameworks */ = {
			isa = PBXFrameworksBuildPhase;
			buildActionMask = 2147483647;
			files = (
			);
			runOnlyForDeploymentPostprocessing = 0;
		};
		BDED68E4286643AA00AEF8AA /* Frameworks */ = {
			isa = PBXFrameworksBuildPhase;
			buildActionMask = 2147483647;
			files = (
			);
			runOnlyForDeploymentPostprocessing = 0;
		};
/* End PBXFrameworksBuildPhase section */

/* Begin PBXGroup section */
		BDED68BB286643AA00AEF8AA = {
			isa = PBXGroup;
			children = (
				BDED68C6286643AA00AEF8AA /* To Do List */,
				BDED68E0286643AA00AEF8AA /* To Do ListTests */,
				BDED68EA286643AA00AEF8AA /* To Do ListUITests */,
				BDED68C5286643AA00AEF8AA /* Products */,
			);
			sourceTree = "<group>";
		};
		BDED68C5286643AA00AEF8AA /* Products */ = {
			isa = PBXGroup;
			children = (
				BDED68C4286643AA00AEF8AA /* To Do List.app */,
				BDED68DD286643AA00AEF8AA /* To Do ListTests.xctest */,
				BDED68E7286643AA00AEF8AA /* To Do ListUITests.xctest */,
			);
			name = Products;
			sourceTree = "<group>";
		};
		BDED68C6286643AA00AEF8AA /* To Do List */ = {
			isa = PBXGroup;
			children = (
				BDED68C7286643AA00AEF8AA /* AppDelegate.swift */,
				BDED68C9286643AA00AEF8AA /* SceneDelegate.swift */,
				BDED68CB286643AA00AEF8AA /* ViewController.swift */,
				BDED68CD286643AA00AEF8AA /* Main.storyboard */,
				BDED68D3286643AA00AEF8AA /* Assets.xcassets */,
				BDED68D5286643AA00AEF8AA /* LaunchScreen.storyboard */,
				BDED68D8286643AA00AEF8AA /* Info.plist */,
				BDED68D0286643AA00AEF8AA /* To_Do_List.xcdatamodeld */,
			);
			path = "To Do List";
			sourceTree = "<group>";
		};
		BDED68E0286643AA00AEF8AA /* To Do ListTests */ = {
			isa = PBXGroup;
			children = (
				BDED68E1286643AA00AEF8AA /* To_Do_ListTests.swift */,
			);
			path = "To Do ListTests";
			sourceTree = "<group>";
		};
		BDED68EA286643AA00AEF8AA /* To Do ListUITests */ = {
			isa = PBXGroup;
			children = (
				BDED68EB286643AA00AEF8AA /* To_Do_ListUITests.swift */,
				BDED68ED286643AA00AEF8AA /* To_Do_ListUITestsLaunchTests.swift */,
			);
			path = "To Do ListUITests";
			sourceTree = "<group>";
		};
/* End PBXGroup section */

/* Begin PBXNativeTarget section */
		BDED68C3286643AA00AEF8AA /* To Do List */ = {
			isa = PBXNativeTarget;
			buildConfigurationList = BDED68F1286643AA00AEF8AA /* Build configuration list for PBXNativeTarget "To Do List" */;
			buildPhases = (
				BDED68C0286643AA00AEF8AA /* Sources */,
				BDED68C1286643AA00AEF8AA /* Frameworks */,
				BDED68C2286643AA00AEF8AA /* Resources */,
			);
			buildRules = (
			);
			dependencies = (
			);
			name = "To Do List";
			productName = "To Do List";
			productReference = BDED68C4286643AA00AEF8AA /* To Do List.app */;
			productType = "com.apple.product-type.application";
		};
		BDED68DC286643AA00AEF8AA /* To Do ListTests */ = {
			isa = PBXNativeTarget;
			buildConfigurationList = BDED68F4286643AA00AEF8AA /* Build configuration list for PBXNativeTarget "To Do ListTests" */;
			buildPhases = (
				BDED68D9286643AA00AEF8AA /* Sources */,
				BDED68DA286643AA00AEF8AA /* Frameworks */,
				BDED68DB286643AA00AEF8AA /* Resources */,
			);
			buildRules = (
			);
			dependencies = (
				BDED68DF286643AA00AEF8AA /* PBXTargetDependency */,
			);
			name = "To Do ListTests";
			productName = "To Do ListTests";
			productReference = BDED68DD286643AA00AEF8AA /* To Do ListTests.xctest */;
			productType = "com.apple.product-type.bundle.unit-test";
		};
		BDED68E6286643AA00AEF8AA /* To Do ListUITests */ = {
			isa = PBXNativeTarget;
			buildConfigurationList = BDED68F7286643AA00AEF8AA /* Build configuration list for PBXNativeTarget "To Do ListUITests" */;
			buildPhases = (
				BDED68E3286643AA00AEF8AA /* Sources */,
				BDED68E4286643AA00AEF8AA /* Frameworks */,
				BDED68E5286643AA00AEF8AA /* Resources */,
			);
			buildRules = (
			);
			dependencies = (
				BDED68E9286643AA00AEF8AA /* PBXTargetDependency */,
			);
			name = "To Do ListUITests";
			productName = "To Do ListUITests";
			productReference = BDED68E7286643AA00AEF8AA /* To Do ListUITests.xctest */;
			productType = "com.apple.product-type.bundle.ui-testing";
		};
/* End PBXNativeTarget section */

/* Begin PBXProject section */
		BDED68BC286643AA00AEF8AA /* Project object */ = {
			isa = PBXProject;
			attributes = {
				BuildIndependentTargetsInParallel = 1;
				LastSwiftUpdateCheck = 1340;
				LastUpgradeCheck = 1340;
				TargetAttributes = {
					BDED68C3286643AA00AEF8AA = {
						CreatedOnToolsVersion = 13.4.1;
					};
					BDED68DC286643AA00AEF8AA = {
						CreatedOnToolsVersion = 13.4.1;
						TestTargetID = BDED68C3286643AA00AEF8AA;
					};
					BDED68E6286643AA00AEF8AA = {
						CreatedOnToolsVersion = 13.4.1;
						TestTargetID = BDED68C3286643AA00AEF8AA;
					};
				};
			};
			buildConfigurationList = BDED68BF286643AA00AEF8AA /* Build configuration list for PBXProject "To Do List" */;
			compatibilityVersion = "Xcode 13.0";
			developmentRegion = en;
			hasScannedForEncodings = 0;
			knownRegions = (
				en,
				Base,
			);
			mainGroup = BDED68BB286643AA00AEF8AA;
			productRefGroup = BDED68C5286643AA00AEF8AA /* Products */;
			projectDirPath = "";
			projectRoot = "";
			targets = (
				BDED68C3286643AA00AEF8AA /* To Do List */,
				BDED68DC286643AA00AEF8AA /* To Do ListTests */,
				BDED68E6286643AA00AEF8AA /* To Do ListUITests */,
			);
		};
/* End PBXProject section */

/* Begin PBXResourcesBuildPhase section */
		BDED68C2286643AA00AEF8AA /* Resources */ = {
			isa = PBXResourcesBuildPhase;
			buildActionMask = 2147483647;
			files = (
				BDED68D7286643AA00AEF8AA /* LaunchScreen.storyboard in Resources */,
				BDED68D4286643AA00AEF8AA /* Assets.xcassets in Resources */,
				BDED68CF286643AA00AEF8AA /* Main.storyboard in Resources */,
			);
			runOnlyForDeploymentPostprocessing = 0;
		};
		BDED68DB286643AA00AEF8AA /* Resources */ = {
			isa = PBXResourcesBuildPhase;
			buildActionMask = 2147483647;
			files = (
			);
			runOnlyForDeploymentPostprocessing = 0;
		};
		BDED68E5286643AA00AEF8AA /* Resources */ = {
			isa = PBXResourcesBuildPhase;
			buildActionMask = 2147483647;
			files = (
			);
			runOnlyForDeploymentPostprocessing = 0;
		};
/* End PBXResourcesBuildPhase section */

/* Begin PBXSourcesBuildPhase section */
		BDED68C0286643AA00AEF8AA /* Sources */ = {
			isa = PBXSourcesBuildPhase;
			buildActionMask = 2147483647;
			files = (
				BDED68CC286643AA00AEF8AA /* ViewController.swift in Sources */,
				BDED68C8286643AA00AEF8AA /* AppDelegate.swift in Sources */,
				BDED68CA286643AA00AEF8AA /* SceneDelegate.swift in Sources */,
				BDED68D2286643AA00AEF8AA /* To_Do_List.xcdatamodeld in Sources */,
			);
			runOnlyForDeploymentPostprocessing = 0;
		};
		BDED68D9286643AA00AEF8AA /* Sources */ = {
			isa = PBXSourcesBuildPhase;
			buildActionMask = 2147483647;
			files = (
				BDED68E2286643AA00AEF8AA /* To_Do_ListTests.swift in Sources */,
			);
			runOnlyForDeploymentPostprocessing = 0;
		};
		BDED68E3286643AA00AEF8AA /* Sources */ = {
			isa = PBXSourcesBuildPhase;
			buildActionMask = 2147483647;
			files = (
				BDED68EE286643AA00AEF8AA /* To_Do_ListUITestsLaunchTests.swift in Sources */,
				BDED68EC286643AA00AEF8AA /* To_Do_ListUITests.swift in Sources */,
			);
			runOnlyForDeploymentPostprocessing = 0;
		};
/* End PBXSourcesBuildPhase section */

/* Begin PBXTargetDependency section */
		BDED68DF286643AA00AEF8AA /* PBXTargetDependency */ = {
			isa = PBXTargetDependency;
			target = BDED68C3286643AA00AEF8AA /* To Do List */;
			targetProxy = BDED68DE286643AA00AEF8AA /* PBXContainerItemProxy */;
		};
		BDED68E9286643AA00AEF8AA /* PBXTargetDependency */ = {
			isa = PBXTargetDependency;
			target = BDED68C3286643AA00AEF8AA /* To Do List */;
			targetProxy = BDED68E8286643AA00AEF8AA /* PBXContainerItemProxy */;
		};
/* End PBXTargetDependency section */

/* Begin PBXVariantGroup section */
		BDED68CD286643AA00AEF8AA /* Main.storyboard */ = {
			isa = PBXVariantGroup;
			children = (
				BDED68CE286643AA00AEF8AA /* Base */,
			);
			name = Main.storyboard;
			sourceTree = "<group>";
		};
		BDED68D5286643AA00AEF8AA /* LaunchScreen.storyboard */ = {
			isa = PBXVariantGroup;
			children = (
				BDED68D6286643AA00AEF8AA /* Base */,
			);
			name = LaunchScreen.storyboard;
			sourceTree = "<group>";
		};
/* End PBXVariantGroup section */

/* Begin XCBuildConfiguration section */
		BDED68EF286643AA00AEF8AA /* Debug */ = {
			isa = XCBuildConfiguration;
			buildSettings = {
				ALWAYS_SEARCH_USER_PATHS = NO;
				CLANG_ANALYZER_NONNULL = YES;
				CLANG_ANALYZER_NUMBER_OBJECT_CONVERSION = YES_AGGRESSIVE;
				CLANG_CXX_LANGUAGE_STANDARD = "gnu++17";
				CLANG_ENABLE_MODULES = YES;
				CLANG_ENABLE_OBJC_ARC = YES;
				CLANG_ENABLE_OBJC_WEAK = YES;
				CLANG_WARN_BLOCK_CAPTURE_AUTORELEASING = YES;
				CLANG_WARN_BOOL_CONVERSION = YES;
				CLANG_WARN_COMMA = YES;
				CLANG_WARN_CONSTANT_CONVERSION = YES;
				CLANG_WARN_DEPRECATED_OBJC_IMPLEMENTATIONS = YES;
				CLANG_WARN_DIRECT_OBJC_ISA_USAGE = YES_ERROR;
				CLANG_WARN_DOCUMENTATION_COMMENTS = YES;
				CLANG_WARN_EMPTY_BODY = YES;
				CLANG_WARN_ENUM_CONVERSION = YES;
				CLANG_WARN_INFINITE_RECURSION = YES;
				CLANG_WARN_INT_CONVERSION = YES;
				CLANG_WARN_NON_LITERAL_NULL_CONVERSION = YES;
				CLANG_WARN_OBJC_IMPLICIT_RETAIN_SELF = YES;
				CLANG_WARN_OBJC_LITERAL_CONVERSION = YES;
				CLANG_WARN_OBJC_ROOT_CLASS = YES_ERROR;
				CLANG_WARN_QUOTED_INCLUDE_IN_FRAMEWORK_HEADER = YES;
				CLANG_WARN_RANGE_LOOP_ANALYSIS = YES;
				CLANG_WARN_STRICT_PROTOTYPES = YES;
				CLANG_WARN_SUSPICIOUS_MOVE = YES;
				CLANG_WARN_UNGUARDED_AVAILABILITY = YES_AGGRESSIVE;
				CLANG_WARN_UNREACHABLE_CODE = YES;
				CLANG_WARN__DUPLICATE_METHOD_MATCH = YES;
				COPY_PHASE_STRIP = NO;
				DEBUG_INFORMATION_FORMAT = dwarf;
				ENABLE_STRICT_OBJC_MSGSEND = YES;
				ENABLE_TESTABILITY = YES;
				GCC_C_LANGUAGE_STANDARD = gnu11;
				GCC_DYNAMIC_NO_PIC = NO;
				GCC_NO_COMMON_BLOCKS = YES;
				GCC_OPTIMIZATION_LEVEL = 0;
				GCC_PREPROCESSOR_DEFINITIONS = (
					"DEBUG=1",
					"$(inherited)",
				);
				GCC_WARN_64_TO_32_BIT_CONVERSION = YES;
				GCC_WARN_ABOUT_RETURN_TYPE = YES_ERROR;
				GCC_WARN_UNDECLARED_SELECTOR = YES;
				GCC_WARN_UNINITIALIZED_AUTOS = YES_AGGRESSIVE;
				GCC_WARN_UNUSED_FUNCTION = YES;
				GCC_WARN_UNUSED_VARIABLE = YES;
				IPHONEOS_DEPLOYMENT_TARGET = 15.5;
				MTL_ENABLE_DEBUG_INFO = INCLUDE_SOURCE;
				MTL_FAST_MATH = YES;
				ONLY_ACTIVE_ARCH = YES;
				SDKROOT = iphoneos;
				SWIFT_ACTIVE_COMPILATION_CONDITIONS = DEBUG;
				SWIFT_OPTIMIZATION_LEVEL = "-Onone";
			};
			name = Debug;
		};
		BDED68F0286643AA00AEF8AA /* Release */ = {
			isa = XCBuildConfiguration;
			buildSettings = {
				ALWAYS_SEARCH_USER_PATHS = NO;
				CLANG_ANALYZER_NONNULL = YES;
				CLANG_ANALYZER_NUMBER_OBJECT_CONVERSION = YES_AGGRESSIVE;
				CLANG_CXX_LANGUAGE_STANDARD = "gnu++17";
				CLANG_ENABLE_MODULES = YES;
				CLANG_ENABLE_OBJC_ARC = YES;
				CLANG_ENABLE_OBJC_WEAK = YES;
				CLANG_WARN_BLOCK_CAPTURE_AUTORELEASING = YES;
				CLANG_WARN_BOOL_CONVERSION = YES;
				CLANG_WARN_COMMA = YES;
				CLANG_WARN_CONSTANT_CONVERSION = YES;
				CLANG_WARN_DEPRECATED_OBJC_IMPLEMENTATIONS = YES;
				CLANG_WARN_DIRECT_OBJC_ISA_USAGE = YES_ERROR;
				CLANG_WARN_DOCUMENTATION_COMMENTS = YES;
				CLANG_WARN_EMPTY_BODY = YES;
				CLANG_WARN_ENUM_CONVERSION = YES;
				CLANG_WARN_INFINITE_RECURSION = YES;
				CLANG_WARN_INT_CONVERSION = YES;
				CLANG_WARN_NON_LITERAL_NULL_CONVERSION = YES;
				CLANG_WARN_OBJC_IMPLICIT_RETAIN_SELF = YES;
				CLANG_WARN_OBJC_LITERAL_CONVERSION = YES;
				CLANG_WARN_OBJC_ROOT_CLASS = YES_ERROR;
				CLANG_WARN_QUOTED_INCLUDE_IN_FRAMEWORK_HEADER = YES;
				CLANG_WARN_RANGE_LOOP_ANALYSIS = YES;
				CLANG_WARN_STRICT_PROTOTYPES = YES;
				CLANG_WARN_SUSPICIOUS_MOVE = YES;
				CLANG_WARN_UNGUARDED_AVAILABILITY = YES_AGGRESSIVE;
				CLANG_WARN_UNREACHABLE_CODE = YES;
				CLANG_WARN__DUPLICATE_METHOD_MATCH = YES;
				COPY_PHASE_STRIP = NO;
				DEBUG_INFORMATION_FORMAT = "dwarf-with-dsym";
				ENABLE_NS_ASSERTIONS = NO;
				ENABLE_STRICT_OBJC_MSGSEND = YES;
				GCC_C_LANGUAGE_STANDARD = gnu11;
				GCC_NO_COMMON_BLOCKS = YES;
				GCC_WARN_64_TO_32_BIT_CONVERSION = YES;
				GCC_WARN_ABOUT_RETURN_TYPE = YES_ERROR;
				GCC_WARN_UNDECLARED_SELECTOR = YES;
				GCC_WARN_UNINITIALIZED_AUTOS = YES_AGGRESSIVE;
				GCC_WARN_UNUSED_FUNCTION = YES;
				GCC_WARN_UNUSED_VARIABLE = YES;
				IPHONEOS_DEPLOYMENT_TARGET = 15.5;
				MTL_ENABLE_DEBUG_INFO = NO;
				MTL_FAST_MATH = YES;
				SDKROOT = iphoneos;
				SWIFT_COMPILATION_MODE = wholemodule;
				SWIFT_OPTIMIZATION_LEVEL = "-O";
				VALIDATE_PRODUCT = YES;
			};
			name = Release;
		};
		BDED68F2286643AA00AEF8AA /* Debug */ = {
			isa = XCBuildConfiguration;
			buildSettings = {
				ASSETCATALOG_COMPILER_APPICON_NAME = AppIcon;
				ASSETCATALOG_COMPILER_GLOBAL_ACCENT_COLOR_NAME = AccentColor;
				CODE_SIGN_STYLE = Automatic;
				CURRENT_PROJECT_VERSION = 1;
				GENERATE_INFOPLIST_FILE = YES;
				INFOPLIST_FILE = "To Do List/Info.plist";
				INFOPLIST_KEY_UIApplicationSupportsIndirectInputEvents = YES;
				INFOPLIST_KEY_UILaunchStoryboardName = LaunchScreen;
				INFOPLIST_KEY_UIMainStoryboardFile = Main;
				INFOPLIST_KEY_UISupportedInterfaceOrientations_iPad = "UIInterfaceOrientationPortrait UIInterfaceOrientationPortraitUpsideDown UIInterfaceOrientationLandscapeLeft UIInterfaceOrientationLandscapeRight";
				INFOPLIST_KEY_UISupportedInterfaceOrientations_iPhone = "UIInterfaceOrientationPortrait UIInterfaceOrientationLandscapeLeft UIInterfaceOrientationLandscapeRight";
				LD_RUNPATH_SEARCH_PATHS = (
					"$(inherited)",
					"@executable_path/Frameworks",
				);
				MARKETING_VERSION = 1.0;
				PRODUCT_BUNDLE_IDENTIFIER = "kwk.To-Do-List";
				PRODUCT_NAME = "$(TARGET_NAME)";
				SWIFT_EMIT_LOC_STRINGS = YES;
				SWIFT_VERSION = 5.0;
				TARGETED_DEVICE_FAMILY = "1,2";
			};
			name = Debug;
		};
		BDED68F3286643AA00AEF8AA /* Release */ = {
			isa = XCBuildConfiguration;
			buildSettings = {
				ASSETCATALOG_COMPILER_APPICON_NAME = AppIcon;
				ASSETCATALOG_COMPILER_GLOBAL_ACCENT_COLOR_NAME = AccentColor;
				CODE_SIGN_STYLE = Automatic;
				CURRENT_PROJECT_VERSION = 1;
				GENERATE_INFOPLIST_FILE = YES;
				INFOPLIST_FILE = "To Do List/Info.plist";
				INFOPLIST_KEY_UIApplicationSupportsIndirectInputEvents = YES;
				INFOPLIST_KEY_UILaunchStoryboardName = LaunchScreen;
				INFOPLIST_KEY_UIMainStoryboardFile = Main;
				INFOPLIST_KEY_UISupportedInterfaceOrientations_iPad = "UIInterfaceOrientationPortrait UIInterfaceOrientationPortraitUpsideDown UIInterfaceOrientationLandscapeLeft UIInterfaceOrientationLandscapeRight";
				INFOPLIST_KEY_UISupportedInterfaceOrientations_iPhone = "UIInterfaceOrientationPortrait UIInterfaceOrientationLandscapeLeft UIInterfaceOrientationLandscapeRight";
				LD_RUNPATH_SEARCH_PATHS = (
					"$(inherited)",
					"@executable_path/Frameworks",
				);
				MARKETING_VERSION = 1.0;
				PRODUCT_BUNDLE_IDENTIFIER = "kwk.To-Do-List";
				PRODUCT_NAME = "$(TARGET_NAME)";
				SWIFT_EMIT_LOC_STRINGS = YES;
				SWIFT_VERSION = 5.0;
				TARGETED_DEVICE_FAMILY = "1,2";
			};
			name = Release;
		};
		BDED68F5286643AA00AEF8AA /* Debug */ = {
			isa = XCBuildConfiguration;
			buildSettings = {
				ALWAYS_EMBED_SWIFT_STANDARD_LIBRARIES = YES;
				BUNDLE_LOADER = "$(TEST_HOST)";
				CODE_SIGN_STYLE = Automatic;
				CURRENT_PROJECT_VERSION = 1;
				GENERATE_INFOPLIST_FILE = YES;
				IPHONEOS_DEPLOYMENT_TARGET = 15.5;
				MARKETING_VERSION = 1.0;
				PRODUCT_BUNDLE_IDENTIFIER = "kwk.To-Do-ListTests";
				PRODUCT_NAME = "$(TARGET_NAME)";
				SWIFT_EMIT_LOC_STRINGS = NO;
				SWIFT_VERSION = 5.0;
				TARGETED_DEVICE_FAMILY = "1,2";
				TEST_HOST = "$(BUILT_PRODUCTS_DIR)/To Do List.app/To Do List";
			};
			name = Debug;
		};
		BDED68F6286643AA00AEF8AA /* Release */ = {
			isa = XCBuildConfiguration;
			buildSettings = {
				ALWAYS_EMBED_SWIFT_STANDARD_LIBRARIES = YES;
				BUNDLE_LOADER = "$(TEST_HOST)";
				CODE_SIGN_STYLE = Automatic;
				CURRENT_PROJECT_VERSION = 1;
				GENERATE_INFOPLIST_FILE = YES;
				IPHONEOS_DEPLOYMENT_TARGET = 15.5;
				MARKETING_VERSION = 1.0;
				PRODUCT_BUNDLE_IDENTIFIER = "kwk.To-Do-ListTests";
				PRODUCT_NAME = "$(TARGET_NAME)";
				SWIFT_EMIT_LOC_STRINGS = NO;
				SWIFT_VERSION = 5.0;
				TARGETED_DEVICE_FAMILY = "1,2";
				TEST_HOST = "$(BUILT_PRODUCTS_DIR)/To Do List.app/To Do List";
			};
			name = Release;
		};
		BDED68F8286643AA00AEF8AA /* Debug */ = {
			isa = XCBuildConfiguration;
			buildSettings = {
				ALWAYS_EMBED_SWIFT_STANDARD_LIBRARIES = YES;
				CODE_SIGN_STYLE = Automatic;
				CURRENT_PROJECT_VERSION = 1;
				GENERATE_INFOPLIST_FILE = YES;
				MARKETING_VERSION = 1.0;
				PRODUCT_BUNDLE_IDENTIFIER = "kwk.To-Do-ListUITests";
				PRODUCT_NAME = "$(TARGET_NAME)";
				SWIFT_EMIT_LOC_STRINGS = NO;
				SWIFT_VERSION = 5.0;
				TARGETED_DEVICE_FAMILY = "1,2";
				TEST_TARGET_NAME = "To Do List";
			};
			name = Debug;
		};
		BDED68F9286643AA00AEF8AA /* Release */ = {
			isa = XCBuildConfiguration;
			buildSettings = {
				ALWAYS_EMBED_SWIFT_STANDARD_LIBRARIES = YES;
				CODE_SIGN_STYLE = Automatic;
				CURRENT_PROJECT_VERSION = 1;
				GENERATE_INFOPLIST_FILE = YES;
				MARKETING_VERSION = 1.0;
				PRODUCT_BUNDLE_IDENTIFIER = "kwk.To-Do-ListUITests";
				PRODUCT_NAME = "$(TARGET_NAME)";
				SWIFT_EMIT_LOC_STRINGS = NO;
				SWIFT_VERSION = 5.0;
				TARGETED_DEVICE_FAMILY = "1,2";
				TEST_TARGET_NAME = "To Do List";
			};
			name = Release;
		};
/* End XCBuildConfiguration section */

/* Begin XCConfigurationList section */
		BDED68BF286643AA00AEF8AA /* Build configuration list for PBXProject "To Do List" */ = {
			isa = XCConfigurationList;
			buildConfigurations = (
				BDED68EF286643AA00AEF8AA /* Debug */,
				BDED68F0286643AA00AEF8AA /* Release */,
			);
			defaultConfigurationIsVisible = 0;
			defaultConfigurationName = Release;
		};
		BDED68F1286643AA00AEF8AA /* Build configuration list for PBXNativeTarget "To Do List" */ = {
			isa = XCConfigurationList;
			buildConfigurations = (
				BDED68F2286643AA00AEF8AA /* Debug */,
				BDED68F3286643AA00AEF8AA /* Release */,
			);
			defaultConfigurationIsVisible = 0;
			defaultConfigurationName = Release;
		};
		BDED68F4286643AA00AEF8AA /* Build configuration list for PBXNativeTarget "To Do ListTests" */ = {
			isa = XCConfigurationList;
			buildConfigurations = (
				BDED68F5286643AA00AEF8AA /* Debug */,
				BDED68F6286643AA00AEF8AA /* Release */,
			);
			defaultConfigurationIsVisible = 0;
			defaultConfigurationName = Release;
		};
		BDED68F7286643AA00AEF8AA /* Build configuration list for PBXNativeTarget "To Do ListUITests" */ = {
			isa = XCConfigurationList;
			buildConfigurations = (
				BDED68F8286643AA00AEF8AA /* Debug */,
				BDED68F9286643AA00AEF8AA /* Release */,
			);
			defaultConfigurationIsVisible = 0;
			defaultConfigurationName = Release;
		};
/* End XCConfigurationList section */

/* Begin XCVersionGroup section */
		BDED68D0286643AA00AEF8AA /* To_Do_List.xcdatamodeld */ = {
			isa = XCVersionGroup;
			children = (
				BDED68D1286643AA00AEF8AA /* To_Do_List.xcdatamodel */,
			);
			currentVersion = BDED68D1286643AA00AEF8AA /* To_Do_List.xcdatamodel */;
			path = To_Do_List.xcdatamodeld;
			sourceTree = "<group>";
			versionGroupType = wrapper.xcdatamodel;
		};
/* End XCVersionGroup section */
	};
	rootObject = BDED68BC286643AA00AEF8AA /* Project object */;
}
